
Microsoft Visual Studio Solution File, Format Version 12.00
# Visual Studio Version 16
VisualStudioVersion = 16.0.28803.916
MinimumVisualStudioVersion = 10.0.40219.1
Project("{FAE04EC0-301F-11D3-BF4B-00C04F79EFBC}") = "Atividade37", "Atividade37.csproj", "{87AC2F5A-AA69-4092-9F28-D05CF57D2901}"
EndProject
Global
	GlobalSection(SolutionConfigurationPlatforms) = preSolution
		Debug|Any CPU = Debug|Any CPU
		Release|Any CPU = Release|Any CPU
	EndGlobalSection
	GlobalSection(ProjectConfigurationPlatforms) = postSolution
		{87AC2F5A-AA69-4092-9F28-D05CF57D2901}.Debug|Any CPU.ActiveCfg = Debug|Any CPU
		{87AC2F5A-AA69-4092-9F28-D05CF57D2901}.Debug|Any CPU.Build.0 = Debug|Any CPU
		{87AC2F5A-AA69-4092-9F28-D05CF57D2901}.Release|Any CPU.ActiveCfg = Release|Any CPU
		{87AC2F5A-AA69-4092-9F28-D05CF57D2901}.Release|Any CPU.Build.0 = Release|Any CPU
	EndGlobalSection
	GlobalSection(SolutionProperties) = preSolution
		HideSolutionNode = FALSE
	EndGlobalSection
	GlobalSection(ExtensibilityGlobals) = postSolution
		SolutionGuid = {78CF1C76-343F-4398-92B9-277B6B9B39F3}
	EndGlobalSection
EndGlobal
