
Microsoft Visual Studio Solution File, Format Version 12.00
# Visual Studio Version 16
VisualStudioVersion = 16.0.28803.916
MinimumVisualStudioVersion = 10.0.40219.1
Project("{FAE04EC0-301F-11D3-BF4B-00C04F79EFBC}") = "WindowsFormsApp1", "WindowsFormsApp1\WindowsFormsApp1.csproj", "{3F1F757A-3F77-45E4-94EA-068E59EEFDAB}"
EndProject
Global
	GlobalSection(SolutionConfigurationPlatforms) = preSolution
		Debug|Any CPU = Debug|Any CPU
		Release|Any CPU = Release|Any CPU
	EndGlobalSection
	GlobalSection(ProjectConfigurationPlatforms) = postSolution
		{3F1F757A-3F77-45E4-94EA-068E59EEFDAB}.Debug|Any CPU.ActiveCfg = Debug|Any CPU
		{3F1F757A-3F77-45E4-94EA-068E59EEFDAB}.Debug|Any CPU.Build.0 = Debug|Any CPU
		{3F1F757A-3F77-45E4-94EA-068E59EEFDAB}.Release|Any CPU.ActiveCfg = Release|Any CPU
		{3F1F757A-3F77-45E4-94EA-068E59EEFDAB}.Release|Any CPU.Build.0 = Release|Any CPU
	EndGlobalSection
	GlobalSection(SolutionProperties) = preSolution
		HideSolutionNode = FALSE
	EndGlobalSection
	GlobalSection(ExtensibilityGlobals) = postSolution
		SolutionGuid = {92CABA16-2980-4734-8AD0-75B50B10CE40}
	EndGlobalSection
EndGlobal
